
Microsoft Visual Studio Solution File, Format Version 12.00
Project("{FAE04EC0-301F-11D3-BF4B-00C04F79EFBC}") = "WebApplication", "WebApplication\WebApplication.csproj", "{348F0376-6E83-47C2-B499-A033744CFE61}"
EndProject
Project("{FAE04EC0-301F-11D3-BF4B-00C04F79EFBC}") = "GrpcService", "GrpcService\GrpcService.csproj", "{5BF86090-A66D-4E68-A918-9C9AD63C6B7D}"
EndProject
Global
	GlobalSection(SolutionConfigurationPlatforms) = preSolution
		Debug|Any CPU = Debug|Any CPU
		Release|Any CPU = Release|Any CPU
	EndGlobalSection
	GlobalSection(ProjectConfigurationPlatforms) = postSolution
		{348F0376-6E83-47C2-B499-A033744CFE61}.Debug|Any CPU.ActiveCfg = Debug|Any CPU
		{348F0376-6E83-47C2-B499-A033744CFE61}.Debug|Any CPU.Build.0 = Debug|Any CPU
		{348F0376-6E83-47C2-B499-A033744CFE61}.Release|Any CPU.ActiveCfg = Release|Any CPU
		{348F0376-6E83-47C2-B499-A033744CFE61}.Release|Any CPU.Build.0 = Release|Any CPU
		{5BF86090-A66D-4E68-A918-9C9AD63C6B7D}.Debug|Any CPU.ActiveCfg = Debug|Any CPU
		{5BF86090-A66D-4E68-A918-9C9AD63C6B7D}.Debug|Any CPU.Build.0 = Debug|Any CPU
		{5BF86090-A66D-4E68-A918-9C9AD63C6B7D}.Release|Any CPU.ActiveCfg = Release|Any CPU
		{5BF86090-A66D-4E68-A918-9C9AD63C6B7D}.Release|Any CPU.Build.0 = Release|Any CPU
	EndGlobalSection
EndGlobal
